
Microsoft Visual Studio Solution File, Format Version 12.00
# Visual Studio 14
VisualStudioVersion = 14.0.25420.1
MinimumVisualStudioVersion = 10.0.40219.1
Project("{FAE04EC0-301F-11D3-BF4B-00C04F79EFBC}") = "task2", "task2\task2.csproj", "{FD1D8195-155F-4821-81B9-46C38D29981B}"
EndProject
Global
	GlobalSection(SolutionConfigurationPlatforms) = preSolution
		Debug|Any CPU = Debug|Any CPU
		Release|Any CPU = Release|Any CPU
	EndGlobalSection
	GlobalSection(ProjectConfigurationPlatforms) = postSolution
		{FD1D8195-155F-4821-81B9-46C38D29981B}.Debug|Any CPU.ActiveCfg = Debug|Any CPU
		{FD1D8195-155F-4821-81B9-46C38D29981B}.Debug|Any CPU.Build.0 = Debug|Any CPU
		{FD1D8195-155F-4821-81B9-46C38D29981B}.Release|Any CPU.ActiveCfg = Release|Any CPU
		{FD1D8195-155F-4821-81B9-46C38D29981B}.Release|Any CPU.Build.0 = Release|Any CPU
	EndGlobalSection
	GlobalSection(SolutionProperties) = preSolution
		HideSolutionNode = FALSE
	EndGlobalSection
EndGlobal
